
Microsoft Visual Studio Solution File, Format Version 12.00
# Visual Studio 15
VisualStudioVersion = 15.0.26124.0
MinimumVisualStudioVersion = 15.0.26124.0
Project("{2150E333-8FDC-42A3-9474-1A3956D46DE8}") = "src", "src", "{55215484-765D-4164-A42E-401AEE4241CB}"
EndProject
Project("{FAE04EC0-301F-11D3-BF4B-00C04F79EFBC}") = "AuthApplication", "src\AuthApplication\AuthApplication.csproj", "{F78F56AF-47CC-4E29-9464-55E54E8FFB8C}"
EndProject
Project("{FAE04EC0-301F-11D3-BF4B-00C04F79EFBC}") = "CatalogApplication", "src\CatalogApplication\CatalogApplication.csproj", "{2258A108-DE08-4457-B478-111F8C69BCF5}"
EndProject
Project("{FAE04EC0-301F-11D3-BF4B-00C04F79EFBC}") = "ClassApplication", "src\ClassApplication\ClassApplication.csproj", "{FFE77AD0-899E-4902-8283-05507F3E8451}"
EndProject
Project("{FAE04EC0-301F-11D3-BF4B-00C04F79EFBC}") = "NotesApplication", "src\NotesApplication\NotesApplication.csproj", "{0C401F09-7794-4737-A684-5290D0B7D344}"
EndProject
Project("{2150E333-8FDC-42A3-9474-1A3956D46DE8}") = "Shared", "Shared", "{B15DCCFF-9FE1-4793-9D8B-80D1C0796DB7}"
EndProject
Project("{FAE04EC0-301F-11D3-BF4B-00C04F79EFBC}") = "DataContracts", "src\Shared\DataContracts\DataContracts.csproj", "{39D260A0-712E-4E14-93E6-6238F402B95B}"
EndProject
Project("{FAE04EC0-301F-11D3-BF4B-00C04F79EFBC}") = "Sdk", "src\Shared\Sdk\Sdk.csproj", "{5B57376F-4139-4EA5-8111-89C5FDC9746F}"
EndProject
Project("{FAE04EC0-301F-11D3-BF4B-00C04F79EFBC}") = "SecretsService", "src\SecretsService\SecretsService.csproj", "{4391F4D3-488C-4723-8EA0-597638E8C784}"
EndProject
Global
	GlobalSection(SolutionConfigurationPlatforms) = preSolution
		Debug|Any CPU = Debug|Any CPU
		Debug|x64 = Debug|x64
		Debug|x86 = Debug|x86
		Release|Any CPU = Release|Any CPU
		Release|x64 = Release|x64
		Release|x86 = Release|x86
	EndGlobalSection
	GlobalSection(SolutionProperties) = preSolution
		HideSolutionNode = FALSE
	EndGlobalSection
	GlobalSection(ProjectConfigurationPlatforms) = postSolution
		{F78F56AF-47CC-4E29-9464-55E54E8FFB8C}.Debug|Any CPU.ActiveCfg = Debug|Any CPU
		{F78F56AF-47CC-4E29-9464-55E54E8FFB8C}.Debug|Any CPU.Build.0 = Debug|Any CPU
		{F78F56AF-47CC-4E29-9464-55E54E8FFB8C}.Debug|x64.ActiveCfg = Debug|Any CPU
		{F78F56AF-47CC-4E29-9464-55E54E8FFB8C}.Debug|x64.Build.0 = Debug|Any CPU
		{F78F56AF-47CC-4E29-9464-55E54E8FFB8C}.Debug|x86.ActiveCfg = Debug|Any CPU
		{F78F56AF-47CC-4E29-9464-55E54E8FFB8C}.Debug|x86.Build.0 = Debug|Any CPU
		{F78F56AF-47CC-4E29-9464-55E54E8FFB8C}.Release|Any CPU.ActiveCfg = Release|Any CPU
		{F78F56AF-47CC-4E29-9464-55E54E8FFB8C}.Release|Any CPU.Build.0 = Release|Any CPU
		{F78F56AF-47CC-4E29-9464-55E54E8FFB8C}.Release|x64.ActiveCfg = Release|Any CPU
		{F78F56AF-47CC-4E29-9464-55E54E8FFB8C}.Release|x64.Build.0 = Release|Any CPU
		{F78F56AF-47CC-4E29-9464-55E54E8FFB8C}.Release|x86.ActiveCfg = Release|Any CPU
		{F78F56AF-47CC-4E29-9464-55E54E8FFB8C}.Release|x86.Build.0 = Release|Any CPU
		{2258A108-DE08-4457-B478-111F8C69BCF5}.Debug|Any CPU.ActiveCfg = Debug|Any CPU
		{2258A108-DE08-4457-B478-111F8C69BCF5}.Debug|Any CPU.Build.0 = Debug|Any CPU
		{2258A108-DE08-4457-B478-111F8C69BCF5}.Debug|x64.ActiveCfg = Debug|Any CPU
		{2258A108-DE08-4457-B478-111F8C69BCF5}.Debug|x64.Build.0 = Debug|Any CPU
		{2258A108-DE08-4457-B478-111F8C69BCF5}.Debug|x86.ActiveCfg = Debug|Any CPU
		{2258A108-DE08-4457-B478-111F8C69BCF5}.Debug|x86.Build.0 = Debug|Any CPU
		{2258A108-DE08-4457-B478-111F8C69BCF5}.Release|Any CPU.ActiveCfg = Release|Any CPU
		{2258A108-DE08-4457-B478-111F8C69BCF5}.Release|Any CPU.Build.0 = Release|Any CPU
		{2258A108-DE08-4457-B478-111F8C69BCF5}.Release|x64.ActiveCfg = Release|Any CPU
		{2258A108-DE08-4457-B478-111F8C69BCF5}.Release|x64.Build.0 = Release|Any CPU
		{2258A108-DE08-4457-B478-111F8C69BCF5}.Release|x86.ActiveCfg = Release|Any CPU
		{2258A108-DE08-4457-B478-111F8C69BCF5}.Release|x86.Build.0 = Release|Any CPU
		{FFE77AD0-899E-4902-8283-05507F3E8451}.Debug|Any CPU.ActiveCfg = Debug|Any CPU
		{FFE77AD0-899E-4902-8283-05507F3E8451}.Debug|Any CPU.Build.0 = Debug|Any CPU
		{FFE77AD0-899E-4902-8283-05507F3E8451}.Debug|x64.ActiveCfg = Debug|Any CPU
		{FFE77AD0-899E-4902-8283-05507F3E8451}.Debug|x64.Build.0 = Debug|Any CPU
		{FFE77AD0-899E-4902-8283-05507F3E8451}.Debug|x86.ActiveCfg = Debug|Any CPU
		{FFE77AD0-899E-4902-8283-05507F3E8451}.Debug|x86.Build.0 = Debug|Any CPU
		{FFE77AD0-899E-4902-8283-05507F3E8451}.Release|Any CPU.ActiveCfg = Release|Any CPU
		{FFE77AD0-899E-4902-8283-05507F3E8451}.Release|Any CPU.Build.0 = Release|Any CPU
		{FFE77AD0-899E-4902-8283-05507F3E8451}.Release|x64.ActiveCfg = Release|Any CPU
		{FFE77AD0-899E-4902-8283-05507F3E8451}.Release|x64.Build.0 = Release|Any CPU
		{FFE77AD0-899E-4902-8283-05507F3E8451}.Release|x86.ActiveCfg = Release|Any CPU
		{FFE77AD0-899E-4902-8283-05507F3E8451}.Release|x86.Build.0 = Release|Any CPU
		{0C401F09-7794-4737-A684-5290D0B7D344}.Debug|Any CPU.ActiveCfg = Debug|Any CPU
		{0C401F09-7794-4737-A684-5290D0B7D344}.Debug|Any CPU.Build.0 = Debug|Any CPU
		{0C401F09-7794-4737-A684-5290D0B7D344}.Debug|x64.ActiveCfg = Debug|Any CPU
		{0C401F09-7794-4737-A684-5290D0B7D344}.Debug|x64.Build.0 = Debug|Any CPU
		{0C401F09-7794-4737-A684-5290D0B7D344}.Debug|x86.ActiveCfg = Debug|Any CPU
		{0C401F09-7794-4737-A684-5290D0B7D344}.Debug|x86.Build.0 = Debug|Any CPU
		{0C401F09-7794-4737-A684-5290D0B7D344}.Release|Any CPU.ActiveCfg = Release|Any CPU
		{0C401F09-7794-4737-A684-5290D0B7D344}.Release|Any CPU.Build.0 = Release|Any CPU
		{0C401F09-7794-4737-A684-5290D0B7D344}.Release|x64.ActiveCfg = Release|Any CPU
		{0C401F09-7794-4737-A684-5290D0B7D344}.Release|x64.Build.0 = Release|Any CPU
		{0C401F09-7794-4737-A684-5290D0B7D344}.Release|x86.ActiveCfg = Release|Any CPU
		{0C401F09-7794-4737-A684-5290D0B7D344}.Release|x86.Build.0 = Release|Any CPU
		{39D260A0-712E-4E14-93E6-6238F402B95B}.Debug|Any CPU.ActiveCfg = Debug|Any CPU
		{39D260A0-712E-4E14-93E6-6238F402B95B}.Debug|Any CPU.Build.0 = Debug|Any CPU
		{39D260A0-712E-4E14-93E6-6238F402B95B}.Debug|x64.ActiveCfg = Debug|Any CPU
		{39D260A0-712E-4E14-93E6-6238F402B95B}.Debug|x64.Build.0 = Debug|Any CPU
		{39D260A0-712E-4E14-93E6-6238F402B95B}.Debug|x86.ActiveCfg = Debug|Any CPU
		{39D260A0-712E-4E14-93E6-6238F402B95B}.Debug|x86.Build.0 = Debug|Any CPU
		{39D260A0-712E-4E14-93E6-6238F402B95B}.Release|Any CPU.ActiveCfg = Release|Any CPU
		{39D260A0-712E-4E14-93E6-6238F402B95B}.Release|Any CPU.Build.0 = Release|Any CPU
		{39D260A0-712E-4E14-93E6-6238F402B95B}.Release|x64.ActiveCfg = Release|Any CPU
		{39D260A0-712E-4E14-93E6-6238F402B95B}.Release|x64.Build.0 = Release|Any CPU
		{39D260A0-712E-4E14-93E6-6238F402B95B}.Release|x86.ActiveCfg = Release|Any CPU
		{39D260A0-712E-4E14-93E6-6238F402B95B}.Release|x86.Build.0 = Release|Any CPU
		{5B57376F-4139-4EA5-8111-89C5FDC9746F}.Debug|Any CPU.ActiveCfg = Debug|Any CPU
		{5B57376F-4139-4EA5-8111-89C5FDC9746F}.Debug|Any CPU.Build.0 = Debug|Any CPU
		{5B57376F-4139-4EA5-8111-89C5FDC9746F}.Debug|x64.ActiveCfg = Debug|Any CPU
		{5B57376F-4139-4EA5-8111-89C5FDC9746F}.Debug|x64.Build.0 = Debug|Any CPU
		{5B57376F-4139-4EA5-8111-89C5FDC9746F}.Debug|x86.ActiveCfg = Debug|Any CPU
		{5B57376F-4139-4EA5-8111-89C5FDC9746F}.Debug|x86.Build.0 = Debug|Any CPU
		{5B57376F-4139-4EA5-8111-89C5FDC9746F}.Release|Any CPU.ActiveCfg = Release|Any CPU
		{5B57376F-4139-4EA5-8111-89C5FDC9746F}.Release|Any CPU.Build.0 = Release|Any CPU
		{5B57376F-4139-4EA5-8111-89C5FDC9746F}.Release|x64.ActiveCfg = Release|Any CPU
		{5B57376F-4139-4EA5-8111-89C5FDC9746F}.Release|x64.Build.0 = Release|Any CPU
		{5B57376F-4139-4EA5-8111-89C5FDC9746F}.Release|x86.ActiveCfg = Release|Any CPU
		{5B57376F-4139-4EA5-8111-89C5FDC9746F}.Release|x86.Build.0 = Release|Any CPU
		{4391F4D3-488C-4723-8EA0-597638E8C784}.Debug|Any CPU.ActiveCfg = Debug|Any CPU
		{4391F4D3-488C-4723-8EA0-597638E8C784}.Debug|Any CPU.Build.0 = Debug|Any CPU
		{4391F4D3-488C-4723-8EA0-597638E8C784}.Debug|x64.ActiveCfg = Debug|Any CPU
		{4391F4D3-488C-4723-8EA0-597638E8C784}.Debug|x64.Build.0 = Debug|Any CPU
		{4391F4D3-488C-4723-8EA0-597638E8C784}.Debug|x86.ActiveCfg = Debug|Any CPU
		{4391F4D3-488C-4723-8EA0-597638E8C784}.Debug|x86.Build.0 = Debug|Any CPU
		{4391F4D3-488C-4723-8EA0-597638E8C784}.Release|Any CPU.ActiveCfg = Release|Any CPU
		{4391F4D3-488C-4723-8EA0-597638E8C784}.Release|Any CPU.Build.0 = Release|Any CPU
		{4391F4D3-488C-4723-8EA0-597638E8C784}.Release|x64.ActiveCfg = Release|Any CPU
		{4391F4D3-488C-4723-8EA0-597638E8C784}.Release|x64.Build.0 = Release|Any CPU
		{4391F4D3-488C-4723-8EA0-597638E8C784}.Release|x86.ActiveCfg = Release|Any CPU
		{4391F4D3-488C-4723-8EA0-597638E8C784}.Release|x86.Build.0 = Release|Any CPU
	EndGlobalSection
	GlobalSection(NestedProjects) = preSolution
		{F78F56AF-47CC-4E29-9464-55E54E8FFB8C} = {55215484-765D-4164-A42E-401AEE4241CB}
		{2258A108-DE08-4457-B478-111F8C69BCF5} = {55215484-765D-4164-A42E-401AEE4241CB}
		{FFE77AD0-899E-4902-8283-05507F3E8451} = {55215484-765D-4164-A42E-401AEE4241CB}
		{0C401F09-7794-4737-A684-5290D0B7D344} = {55215484-765D-4164-A42E-401AEE4241CB}
		{B15DCCFF-9FE1-4793-9D8B-80D1C0796DB7} = {55215484-765D-4164-A42E-401AEE4241CB}
		{39D260A0-712E-4E14-93E6-6238F402B95B} = {B15DCCFF-9FE1-4793-9D8B-80D1C0796DB7}
		{5B57376F-4139-4EA5-8111-89C5FDC9746F} = {B15DCCFF-9FE1-4793-9D8B-80D1C0796DB7}
		{4391F4D3-488C-4723-8EA0-597638E8C784} = {55215484-765D-4164-A42E-401AEE4241CB}
	EndGlobalSection
EndGlobal
